
Microsoft Visual Studio Solution File, Format Version 12.00
# Visual Studio Version 17
VisualStudioVersion = 17.9.34723.18
MinimumVisualStudioVersion = 10.0.40219.1
Project("{9A19103F-16F7-4668-BE54-9A1E7A4F7556}") = "Recipe.Domain", "recipe.Domain\Recipe.Domain.csproj", "{44E74789-6331-498C-B4BB-18FF253618B4}"
EndProject
Project("{9A19103F-16F7-4668-BE54-9A1E7A4F7556}") = "Recipe.DataAccess", "recipe.DataAccess\Recipe.DataAccess.csproj", "{BB0569EC-0494-4850-97E1-120BAF16CD8C}"
EndProject
Project("{FAE04EC0-301F-11D3-BF4B-00C04F79EFBC}") = "Recipe.Application", "Recipe.Application\Recipe.Application.csproj", "{CCACA98D-4825-44B9-8A9E-71114761DC71}"
EndProject
Project("{FAE04EC0-301F-11D3-BF4B-00C04F79EFBC}") = "Recipe.Implementation", "Recipe.Implementation\Recipe.Implementation.csproj", "{49AE200B-D9E9-45C6-9EC5-E5F1649DF359}"
EndProject
Project("{FAE04EC0-301F-11D3-BF4B-00C04F79EFBC}") = "Recipe.API", "Recipe.API\Recipe.API.csproj", "{5FE8D41F-6ADC-40A5-99E2-C5E00DE3F77D}"
EndProject
Global
	GlobalSection(SolutionConfigurationPlatforms) = preSolution
		Debug|Any CPU = Debug|Any CPU
		Release|Any CPU = Release|Any CPU
	EndGlobalSection
	GlobalSection(ProjectConfigurationPlatforms) = postSolution
		{44E74789-6331-498C-B4BB-18FF253618B4}.Debug|Any CPU.ActiveCfg = Debug|Any CPU
		{44E74789-6331-498C-B4BB-18FF253618B4}.Debug|Any CPU.Build.0 = Debug|Any CPU
		{44E74789-6331-498C-B4BB-18FF253618B4}.Release|Any CPU.ActiveCfg = Release|Any CPU
		{44E74789-6331-498C-B4BB-18FF253618B4}.Release|Any CPU.Build.0 = Release|Any CPU
		{BB0569EC-0494-4850-97E1-120BAF16CD8C}.Debug|Any CPU.ActiveCfg = Debug|Any CPU
		{BB0569EC-0494-4850-97E1-120BAF16CD8C}.Debug|Any CPU.Build.0 = Debug|Any CPU
		{BB0569EC-0494-4850-97E1-120BAF16CD8C}.Release|Any CPU.ActiveCfg = Release|Any CPU
		{BB0569EC-0494-4850-97E1-120BAF16CD8C}.Release|Any CPU.Build.0 = Release|Any CPU
		{CCACA98D-4825-44B9-8A9E-71114761DC71}.Debug|Any CPU.ActiveCfg = Debug|Any CPU
		{CCACA98D-4825-44B9-8A9E-71114761DC71}.Debug|Any CPU.Build.0 = Debug|Any CPU
		{CCACA98D-4825-44B9-8A9E-71114761DC71}.Release|Any CPU.ActiveCfg = Release|Any CPU
		{CCACA98D-4825-44B9-8A9E-71114761DC71}.Release|Any CPU.Build.0 = Release|Any CPU
		{49AE200B-D9E9-45C6-9EC5-E5F1649DF359}.Debug|Any CPU.ActiveCfg = Debug|Any CPU
		{49AE200B-D9E9-45C6-9EC5-E5F1649DF359}.Debug|Any CPU.Build.0 = Debug|Any CPU
		{49AE200B-D9E9-45C6-9EC5-E5F1649DF359}.Release|Any CPU.ActiveCfg = Release|Any CPU
		{49AE200B-D9E9-45C6-9EC5-E5F1649DF359}.Release|Any CPU.Build.0 = Release|Any CPU
		{5FE8D41F-6ADC-40A5-99E2-C5E00DE3F77D}.Debug|Any CPU.ActiveCfg = Debug|Any CPU
		{5FE8D41F-6ADC-40A5-99E2-C5E00DE3F77D}.Debug|Any CPU.Build.0 = Debug|Any CPU
		{5FE8D41F-6ADC-40A5-99E2-C5E00DE3F77D}.Release|Any CPU.ActiveCfg = Release|Any CPU
		{5FE8D41F-6ADC-40A5-99E2-C5E00DE3F77D}.Release|Any CPU.Build.0 = Release|Any CPU
	EndGlobalSection
	GlobalSection(SolutionProperties) = preSolution
		HideSolutionNode = FALSE
	EndGlobalSection
	GlobalSection(ExtensibilityGlobals) = postSolution
		SolutionGuid = {47DE485F-4B71-48F3-BF66-EF2DA558C922}
	EndGlobalSection
EndGlobal
